<?xml version="1.0" encoding="utf-8"?>
<Project ToolsVersion="4.0" xmlns="http://schemas.microsoft.com/developer/msbuild/2003">
  <ItemGroup>
    <Filter Include="Resource Files">
      <UniqueIdentifier>{67DA6AB6-F800-4c08-8B7A-83BB121AAD01}</UniqueIdentifier>
      <Extensions>rc;ico;cur;bmp;dlg;rc2;rct;bin;rgs;gif;jpg;jpeg;jpe;resx;tiff;tif;png;wav;mfcribbon-ms</Extensions>
    </Filter>
    <Filter Include="src">
      <UniqueIdentifier>{e6bc47df-c1a8-48dd-b8a0-87ad7eb78afa}</UniqueIdentifier>
    </Filter>
    <Filter Include="src\Header Files">
      <UniqueIdentifier>{93995380-89BD-4b04-88EB-625FBE52EBFB}</UniqueIdentifier>
      <Extensions>h;hh;hpp;hxx;hm;inl;inc;ipp;xsd</Extensions>
    </Filter>
    <Filter Include="src\Source Files">
      <UniqueIdentifier>{4FC737F1-C7A5-4376-A066-2A32D752A2FF}</UniqueIdentifier>
      <Extensions>cpp;c;cc;cxx;def;odl;idl;hpj;bat;asm;asmx</Extensions>
    </Filter>
    <Filter Include="doc">
      <UniqueIdentifier>{e53211b0-3596-4fde-ab75-70259e1300e6}</UniqueIdentifier>
    </Filter>
    <Filter Include="test">
      <UniqueIdentifier>{4f1b8b6e-1fc0-4824-aba2-31e2765bdd6a}</UniqueIdentifier>
    </Filter>
  </ItemGroup>
  <ItemGroup>
    <ClInclude Include="stdafx.h">
      <Filter>src\Header Files</Filter>
    </ClInclude>
    <ClInclude Include="targetver.h">
      <Filter>src\Header Files</Filter>
    </ClInclude>
    <ClInclude Include="Template.h">
      <Filter>src\Header Files</Filter>
    </ClInclude>
    <ClInclude Include="Block.h">
      <Filter>src\Header Files</Filter>
    </ClInclude>
    <ClInclude Include="Wall.h">
      <Filter>src\Header Files</Filter>
    </ClInclude>
    <ClInclude Include="Game.h">
      <Filter>src\Header Files</Filter>
    </ClInclude>
    <ClInclude Include="BattleCity.h">
      <Filter>src\Header Files</Filter>
    </ClInclude>
    <ClInclude Include="Constants.h">
      <Filter>src\Header Files</Filter>
    </ClInclude>
    <ClInclude Include="Tank.h">
      <Filter>src\Header Files</Filter>
    </ClInclude>
    <ClInclude Include="Bullet.h">
      <Filter>src\Header Files</Filter>
    </ClInclude>
    <ClInclude Include="Enemy.h">
      <Filter>src\Header Files</Filter>
    </ClInclude>
    <ClInclude Include="resource.h">
      <Filter>src\Header Files</Filter>
    </ClInclude>
  </ItemGroup>
  <ItemGroup>
    <ClCompile Include="stdafx.cpp">
      <Filter>src\Source Files</Filter>
    </ClCompile>
    <ClCompile Include="CrazyTanks.cpp">
      <Filter>src\Source Files</Filter>
    </ClCompile>
    <ClCompile Include="Template.cpp">
      <Filter>src\Source Files</Filter>
    </ClCompile>
    <ClCompile Include="Block.cpp">
      <Filter>src\Source Files</Filter>
    </ClCompile>
    <ClCompile Include="Wall.cpp">
      <Filter>src\Source Files</Filter>
    </ClCompile>
    <ClCompile Include="Game.cpp">
      <Filter>src\Source Files</Filter>
    </ClCompile>
    <ClCompile Include="Tank.cpp">
      <Filter>src\Source Files</Filter>
    </ClCompile>
    <ClCompile Include="Bullet.cpp">
      <Filter>src\Source Files</Filter>
    </ClCompile>
    <ClCompile Include="Enemy.cpp">
      <Filter>src\Source Files</Filter>
    </ClCompile>
    <ClCompile Include="BattleCity.cpp">
      <Filter>src\Source Files</Filter>
    </ClCompile>
  </ItemGroup>
  <ItemGroup>
    <None Include="..\..\..\..\Documents\CrazyTanks.uml">
      <Filter>doc</Filter>
    </None>
  </ItemGroup>
  <ItemGroup>
    <Image Include="..\..\..\..\Documents\SequenceDiagram.jpg">
      <Filter>doc</Filter>
    </Image>
    <Image Include="..\..\..\..\Documents\UseCase.jpg">
      <Filter>doc</Filter>
    </Image>
    <Image Include="..\..\..\..\Documents\ClassDiagram.jpg">
      <Filter>doc</Filter>
    </Image>
  </ItemGroup>
  <ItemGroup>
    <ResourceCompile Include="CrazyTanks.rc">
      <Filter>Resource Files</Filter>
    </ResourceCompile>
  </ItemGroup>
  <ItemGroup>
    <Text Include="..\..\..\..\Documents\.gitkeep">
      <Filter>test</Filter>
    </Text>
  </ItemGroup>
</Project>